{
    "_readme": [
        "This file locks the dependencies of your project to a known state",
        "Read more about it at http://getcomposer.org/doc/01-basic-usage.md#composer-lock-the-lock-file"
    ],
    "hash": "bcf3284c7605ae927d491a7fbe7261e2",
    "packages": [
        {
            "name": "cartalyst/sentry",
            "version": "v2.1.2",
            "source": {
                "type": "git",
                "url": "https://github.com/cartalyst/sentry.git",
                "reference": "7eba43edce31eb6485e2b2e4f3e700e322de80fa"
            },
            "dist": {
                "type": "zip",
                "url": "https://api.github.com/repos/cartalyst/sentry/zipball/7eba43edce31eb6485e2b2e4f3e700e322de80fa",
                "reference": "7eba43edce31eb6485e2b2e4f3e700e322de80fa",
                "shasum": ""
            },
            "require": {
                "php": ">=5.3.3"
            },
            "require-dev": {
                "illuminate/cookie": ">=4.0.9,<4.2",
                "illuminate/database": ">=4.0.9,<4.2",
                "illuminate/http": ">=4.0.9,<4.2",
                "illuminate/session": ">=4.0.9,<4.2",
                "ircmaxell/password-compat": "1.0.*",
                "mockery/mockery": "0.7.2"
            },
            "suggest": {
                "happydemon/txt": "Required Text helpers when using the Kohana implementation",
                "illuminate/database": "Default sentry user, group and throttling implementations.",
                "ircmaxell/password-compat": "Default hashing uses PHP 5.5 password_* functions, with forward-compatible support."
            },
            "type": "library",
            "extra": {
                "component": "package",
                "frameworks": [
                    "Laravel 3",
                    "Laravel 4",
                    "CodeIgniter 3",
                    "FuelPHP 1",
                    "Kohana"
                ],
                "versions": {
                    "1": "1.1/master",
                    "2": "master"
                },
                "branch-alias": {
                    "dev-master": "2.0-dev"
                }
            },
            "autoload": {
                "classmap": [
                    "src/Cartalyst/Sentry/Groups/Exceptions.php",
                    "src/Cartalyst/Sentry/Throttling/Exceptions.php",
                    "src/Cartalyst/Sentry/Users/Exceptions.php",
                    "src/migrations"
                ],
                "psr-0": {
                    "Cartalyst\\Sentry": "src/"
                }
            },
            "notification-url": "https://packagist.org/downloads/",
            "license": [
                "BSD-3-Clause"
            ],
            "authors": [
                {
                    "name": "Ben Corlett",
                    "email": "ben.corlett@cartalyst.com",
                    "role": "Developer"
                },
                {
                    "name": "Cartalyst LLC",
                    "email": "help@cartalyst.com"
                },
                {
                    "name": "Bruno Gaspar",
                    "email": "bruno.gaspar@cartalyst.com",
                    "role": "Developer"
                },
                {
                    "name": "Dan Syme",
                    "email": "dan.syme@cartalyst.com",
                    "role": "Creator & Designer"
                },
                {
                    "name": "Daniel Petrie",
                    "email": "dan.petrie@cartalyst.com",
                    "role": "Developer"
                }
            ],
            "description": "PHP 5.3+ Fully-featured Authentication & Authorization System",
            "keywords": [
                "auth",
                "codeigniter",
                "fuelphp",
                "kohana",
                "laravel",
                "security"
            ],
            "time": "2014-04-22 18:39:45"
        },
        {
            "name": "greggilbert/recaptcha",
            "version": "1.0.7",
            "source": {
                "type": "git",
                "url": "https://github.com/greggilbert/recaptcha.git",
                "reference": "677cd306027d29327dde5b6b9d58e9adc3e14f35"
            },
            "dist": {
                "type": "zip",
                "url": "https://api.github.com/repos/greggilbert/recaptcha/zipball/677cd306027d29327dde5b6b9d58e9adc3e14f35",
                "reference": "677cd306027d29327dde5b6b9d58e9adc3e14f35",
                "shasum": ""
            },
            "require": {
                "illuminate/support": "*",
                "php": ">=5.3.0"
            },
            "type": "library",
            "extra": {
                "branch-alias": {
                    "dev-master": "1.0.x-dev"
                }
            },
            "autoload": {
                "classmap": [
                    "src/migrations"
                ],
                "psr-0": {
                    "Greggilbert\\Recaptcha": "src/"
                }
            },
            "notification-url": "https://packagist.org/downloads/",
            "license": [
                "MIT"
            ],
            "authors": [
                {
                    "name": "Greg Gilbert",
                    "email": "greg@greg-gilbert.com"
                }
            ],
            "description": "reCAPTCHA Validator for Laravel 4",
            "homepage": "http://github.com/greggilbert/recaptcha",
            "keywords": [
                "captcha",
                "laravel",
                "laravel4",
                "recaptcha"
            ],
            "time": "2014-03-04 04:12:02"
        },
        {
            "name": "illuminate/support",
            "version": "v4.1.28",
            "target-dir": "Illuminate/Support",
            "source": {
                "type": "git",
                "url": "https://github.com/illuminate/support.git",
                "reference": "69b248f240719e8d764ee6ec0384819fa57d60bb"
            },
            "dist": {
                "type": "zip",
                "url": "https://api.github.com/repos/illuminate/support/zipball/69b248f240719e8d764ee6ec0384819fa57d60bb",
                "reference": "69b248f240719e8d764ee6ec0384819fa57d60bb",
                "shasum": ""
            },
            "require": {
                "php": ">=5.3.0"
            },
            "require-dev": {
                "jeremeamia/superclosure": "1.0.*",
                "mockery/mockery": "0.9.*",
                "patchwork/utf8": "1.1.*",
                "phpunit/phpunit": "4.0.*"
            },
            "type": "library",
            "extra": {
                "branch-alias": {
                    "dev-master": "4.1-dev"
                }
            },
            "autoload": {
                "psr-0": {
                    "Illuminate\\Support": ""
                },
                "files": [
                    "Illuminate/Support/helpers.php"
                ]
            },
            "notification-url": "https://packagist.org/downloads/",
            "license": [
                "MIT"
            ],
            "authors": [
                {
                    "name": "Taylor Otwell",
                    "email": "taylorotwell@gmail.com",
                    "homepage": "https://github.com/taylorotwell",
                    "role": "Creator of Laravel"
                }
            ],
            "time": "2014-03-22 20:29:54"
        }
    ],
    "packages-dev": [

    ],
    "aliases": [

    ],
    "minimum-stability": "stable",
    "stability-flags": [

    ],
    "platform": {
        "php": ">=5.3.0"
    },
    "platform-dev": [

    ]
}
